// !$*UTF8*$!
{
	archiveVersion = 1;
	classes = {
	};
	objectVersion = 55;
	objects = {

/* Begin PBXBuildFile section */
		76382BC927F816D000857F38 /* Color.swift in Sources */ = {isa = PBXBuildFile; fileRef = 76382BC827F816D000857F38 /* Color.swift */; };
		76382BCA27F816D000857F38 /* Color.swift in Sources */ = {isa = PBXBuildFile; fileRef = 76382BC827F816D000857F38 /* Color.swift */; };
		768DB72D27F7495D007AC0A1 /* Power_ButtonApp.swift in Sources */ = {isa = PBXBuildFile; fileRef = 768DB71D27F7495B007AC0A1 /* Power_ButtonApp.swift */; };
		768DB72E27F7495D007AC0A1 /* Power_ButtonApp.swift in Sources */ = {isa = PBXBuildFile; fileRef = 768DB71D27F7495B007AC0A1 /* Power_ButtonApp.swift */; };
		768DB72F27F7495D007AC0A1 /* ContentView.swift in Sources */ = {isa = PBXBuildFile; fileRef = 768DB71E27F7495B007AC0A1 /* ContentView.swift */; };
		768DB73027F7495D007AC0A1 /* ContentView.swift in Sources */ = {isa = PBXBuildFile; fileRef = 768DB71E27F7495B007AC0A1 /* ContentView.swift */; };
		768DB73127F7495D007AC0A1 /* Assets.xcassets in Resources */ = {isa = PBXBuildFile; fileRef = 768DB71F27F7495D007AC0A1 /* Assets.xcassets */; };
		768DB73227F7495D007AC0A1 /* Assets.xcassets in Resources */ = {isa = PBXBuildFile; fileRef = 768DB71F27F7495D007AC0A1 /* Assets.xcassets */; };
		768DB73C27F74CDB007AC0A1 /* PowerButton.swift in Sources */ = {isa = PBXBuildFile; fileRef = 768DB73B27F74CDB007AC0A1 /* PowerButton.swift */; };
		768DB73D27F74CDB007AC0A1 /* PowerButton.swift in Sources */ = {isa = PBXBuildFile; fileRef = 768DB73B27F74CDB007AC0A1 /* PowerButton.swift */; };
		768DB73F27F75126007AC0A1 /* ButtonStyle.swift in Sources */ = {isa = PBXBuildFile; fileRef = 768DB73E27F75126007AC0A1 /* ButtonStyle.swift */; };
		768DB74027F75126007AC0A1 /* ButtonStyle.swift in Sources */ = {isa = PBXBuildFile; fileRef = 768DB73E27F75126007AC0A1 /* ButtonStyle.swift */; };
/* End PBXBuildFile section */

/* Begin PBXFileReference section */
		76382BC827F816D000857F38 /* Color.swift */ = {isa = PBXFileReference; lastKnownFileType = sourcecode.swift; path = Color.swift; sourceTree = "<group>"; };
		768DB71D27F7495B007AC0A1 /* Power_ButtonApp.swift */ = {isa = PBXFileReference; lastKnownFileType = sourcecode.swift; path = Power_ButtonApp.swift; sourceTree = "<group>"; };
		768DB71E27F7495B007AC0A1 /* ContentView.swift */ = {isa = PBXFileReference; lastKnownFileType = sourcecode.swift; path = ContentView.swift; sourceTree = "<group>"; };
		768DB71F27F7495D007AC0A1 /* Assets.xcassets */ = {isa = PBXFileReference; lastKnownFileType = folder.assetcatalog; path = Assets.xcassets; sourceTree = "<group>"; };
		768DB72427F7495D007AC0A1 /* Power Button.app */ = {isa = PBXFileReference; explicitFileType = wrapper.application; includeInIndex = 0; path = "Power Button.app"; sourceTree = BUILT_PRODUCTS_DIR; };
		768DB72A27F7495D007AC0A1 /* Power Button.app */ = {isa = PBXFileReference; explicitFileType = wrapper.application; includeInIndex = 0; path = "Power Button.app"; sourceTree = BUILT_PRODUCTS_DIR; };
		768DB72C27F7495D007AC0A1 /* macOS.entitlements */ = {isa = PBXFileReference; lastKnownFileType = text.plist.entitlements; path = macOS.entitlements; sourceTree = "<group>"; };
		768DB73B27F74CDB007AC0A1 /* PowerButton.swift */ = {isa = PBXFileReference; lastKnownFileType = sourcecode.swift; path = PowerButton.swift; sourceTree = "<group>"; };
		768DB73E27F75126007AC0A1 /* ButtonStyle.swift */ = {isa = PBXFileReference; lastKnownFileType = sourcecode.swift; path = ButtonStyle.swift; sourceTree = "<group>"; };
/* End PBXFileReference section */

/* Begin PBXFrameworksBuildPhase section */
		768DB72127F7495D007AC0A1 /* Frameworks */ = {
			isa = PBXFrameworksBuildPhase;
			buildActionMask = 2147483647;
			files = (
			);
			runOnlyForDeploymentPostprocessing = 0;
		};
		768DB72727F7495D007AC0A1 /* Frameworks */ = {
			isa = PBXFrameworksBuildPhase;
			buildActionMask = 2147483647;
			files = (
			);
			runOnlyForDeploymentPostprocessing = 0;
		};
/* End PBXFrameworksBuildPhase section */

/* Begin PBXGroup section */
		768DB71727F7495B007AC0A1 = {
			isa = PBXGroup;
			children = (
				768DB71C27F7495B007AC0A1 /* Shared */,
				768DB72B27F7495D007AC0A1 /* macOS */,
				768DB72527F7495D007AC0A1 /* Products */,
			);
			sourceTree = "<group>";
		};
		768DB71C27F7495B007AC0A1 /* Shared */ = {
			isa = PBXGroup;
			children = (
				768DB71D27F7495B007AC0A1 /* Power_ButtonApp.swift */,
				768DB71E27F7495B007AC0A1 /* ContentView.swift */,
				768DB73B27F74CDB007AC0A1 /* PowerButton.swift */,
				768DB73E27F75126007AC0A1 /* ButtonStyle.swift */,
				76382BC827F816D000857F38 /* Color.swift */,
				768DB71F27F7495D007AC0A1 /* Assets.xcassets */,
			);
			path = Shared;
			sourceTree = "<group>";
		};
		768DB72527F7495D007AC0A1 /* Products */ = {
			isa = PBXGroup;
			children = (
				768DB72427F7495D007AC0A1 /* Power Button.app */,
				768DB72A27F7495D007AC0A1 /* Power Button.app */,
			);
			name = Products;
			sourceTree = "<group>";
		};
		768DB72B27F7495D007AC0A1 /* macOS */ = {
			isa = PBXGroup;
			children = (
				768DB72C27F7495D007AC0A1 /* macOS.entitlements */,
			);
			path = macOS;
			sourceTree = "<group>";
		};
/* End PBXGroup section */

/* Begin PBXNativeTarget section */
		768DB72327F7495D007AC0A1 /* Power Button (iOS) */ = {
			isa = PBXNativeTarget;
			buildConfigurationList = 768DB73527F7495D007AC0A1 /* Build configuration list for PBXNativeTarget "Power Button (iOS)" */;
			buildPhases = (
				768DB72027F7495D007AC0A1 /* Sources */,
				768DB72127F7495D007AC0A1 /* Frameworks */,
				768DB72227F7495D007AC0A1 /* Resources */,
			);
			buildRules = (
			);
			dependencies = (
			);
			name = "Power Button (iOS)";
			productName = "Power Button (iOS)";
			productReference = 768DB72427F7495D007AC0A1 /* Power Button.app */;
			productType = "com.apple.product-type.application";
		};
		768DB72927F7495D007AC0A1 /* Power Button (macOS) */ = {
			isa = PBXNativeTarget;
			buildConfigurationList = 768DB73827F7495D007AC0A1 /* Build configuration list for PBXNativeTarget "Power Button (macOS)" */;
			buildPhases = (
				768DB72627F7495D007AC0A1 /* Sources */,
				768DB72727F7495D007AC0A1 /* Frameworks */,
				768DB72827F7495D007AC0A1 /* Resources */,
			);
			buildRules = (
			);
			dependencies = (
			);
			name = "Power Button (macOS)";
			productName = "Power Button (macOS)";
			productReference = 768DB72A27F7495D007AC0A1 /* Power Button.app */;
			productType = "com.apple.product-type.application";
		};
/* End PBXNativeTarget section */

/* Begin PBXProject section */
		768DB71827F7495B007AC0A1 /* Project object */ = {
			isa = PBXProject;
			attributes = {
				BuildIndependentTargetsInParallel = 1;
				LastSwiftUpdateCheck = 1330;
				LastUpgradeCheck = 1330;
				TargetAttributes = {
					768DB72327F7495D007AC0A1 = {
						CreatedOnToolsVersion = 13.3;
					};
					768DB72927F7495D007AC0A1 = {
						CreatedOnToolsVersion = 13.3;
					};
				};
			};
			buildConfigurationList = 768DB71B27F7495B007AC0A1 /* Build configuration list for PBXProject "Power Button" */;
			compatibilityVersion = "Xcode 13.0";
			developmentRegion = en;
			hasScannedForEncodings = 0;
			knownRegions = (
				en,
				Base,
			);
			mainGroup = 768DB71727F7495B007AC0A1;
			productRefGroup = 768DB72527F7495D007AC0A1 /* Products */;
			projectDirPath = "";
			projectRoot = "";
			targets = (
				768DB72327F7495D007AC0A1 /* Power Button (iOS) */,
				768DB72927F7495D007AC0A1 /* Power Button (macOS) */,
			);
		};
/* End PBXProject section */

/* Begin PBXResourcesBuildPhase section */
		768DB72227F7495D007AC0A1 /* Resources */ = {
			isa = PBXResourcesBuildPhase;
			buildActionMask = 2147483647;
			files = (
				768DB73127F7495D007AC0A1 /* Assets.xcassets in Resources */,
			);
			runOnlyForDeploymentPostprocessing = 0;
		};
		768DB72827F7495D007AC0A1 /* Resources */ = {
			isa = PBXResourcesBuildPhase;
			buildActionMask = 2147483647;
			files = (
				768DB73227F7495D007AC0A1 /* Assets.xcassets in Resources */,
			);
			runOnlyForDeploymentPostprocessing = 0;
		};
/* End PBXResourcesBuildPhase section */

/* Begin PBXSourcesBuildPhase section */
		768DB72027F7495D007AC0A1 /* Sources */ = {
			isa = PBXSourcesBuildPhase;
			buildActionMask = 2147483647;
			files = (
				768DB73C27F74CDB007AC0A1 /* PowerButton.swift in Sources */,
				768DB73F27F75126007AC0A1 /* ButtonStyle.swift in Sources */,
				768DB72F27F7495D007AC0A1 /* ContentView.swift in Sources */,
				76382BC927F816D000857F38 /* Color.swift in Sources */,
				768DB72D27F7495D007AC0A1 /* Power_ButtonApp.swift in Sources */,
			);
			runOnlyForDeploymentPostprocessing = 0;
		};
		768DB72627F7495D007AC0A1 /* Sources */ = {
			isa = PBXSourcesBuildPhase;
			buildActionMask = 2147483647;
			files = (
				768DB73D27F74CDB007AC0A1 /* PowerButton.swift in Sources */,
				768DB74027F75126007AC0A1 /* ButtonStyle.swift in Sources */,
				768DB73027F7495D007AC0A1 /* ContentView.swift in Sources */,
				76382BCA27F816D000857F38 /* Color.swift in Sources */,
				768DB72E27F7495D007AC0A1 /* Power_ButtonApp.swift in Sources */,
			);
			runOnlyForDeploymentPostprocessing = 0;
		};
/* End PBXSourcesBuildPhase section */

/* Begin XCBuildConfiguration section */
		768DB73327F7495D007AC0A1 /* Debug */ = {
			isa = XCBuildConfiguration;
			buildSettings = {
				ALWAYS_SEARCH_USER_PATHS = NO;
				CLANG_ANALYZER_NONNULL = YES;
				CLANG_ANALYZER_NUMBER_OBJECT_CONVERSION = YES_AGGRESSIVE;
				CLANG_CXX_LANGUAGE_STANDARD = "gnu++17";
				CLANG_ENABLE_MODULES = YES;
				CLANG_ENABLE_OBJC_ARC = YES;
				CLANG_ENABLE_OBJC_WEAK = YES;
				CLANG_WARN_BLOCK_CAPTURE_AUTORELEASING = YES;
				CLANG_WARN_BOOL_CONVERSION = YES;
				CLANG_WARN_COMMA = YES;
				CLANG_WARN_CONSTANT_CONVERSION = YES;
				CLANG_WARN_DEPRECATED_OBJC_IMPLEMENTATIONS = YES;
				CLANG_WARN_DIRECT_OBJC_ISA_USAGE = YES_ERROR;
				CLANG_WARN_DOCUMENTATION_COMMENTS = YES;
				CLANG_WARN_EMPTY_BODY = YES;
				CLANG_WARN_ENUM_CONVERSION = YES;
				CLANG_WARN_INFINITE_RECURSION = YES;
				CLANG_WARN_INT_CONVERSION = YES;
				CLANG_WARN_NON_LITERAL_NULL_CONVERSION = YES;
				CLANG_WARN_OBJC_IMPLICIT_RETAIN_SELF = YES;
				CLANG_WARN_OBJC_LITERAL_CONVERSION = YES;
				CLANG_WARN_OBJC_ROOT_CLASS = YES_ERROR;
				CLANG_WARN_QUOTED_INCLUDE_IN_FRAMEWORK_HEADER = YES;
				CLANG_WARN_RANGE_LOOP_ANALYSIS = YES;
				CLANG_WARN_STRICT_PROTOTYPES = YES;
				CLANG_WARN_SUSPICIOUS_MOVE = YES;
				CLANG_WARN_UNGUARDED_AVAILABILITY = YES_AGGRESSIVE;
				CLANG_WARN_UNREACHABLE_CODE = YES;
				CLANG_WARN__DUPLICATE_METHOD_MATCH = YES;
				COPY_PHASE_STRIP = NO;
				DEBUG_INFORMATION_FORMAT = dwarf;
				ENABLE_STRICT_OBJC_MSGSEND = YES;
				ENABLE_TESTABILITY = YES;
				GCC_C_LANGUAGE_STANDARD = gnu11;
				GCC_DYNAMIC_NO_PIC = NO;
				GCC_NO_COMMON_BLOCKS = YES;
				GCC_OPTIMIZATION_LEVEL = 0;
				GCC_PREPROCESSOR_DEFINITIONS = (
					"DEBUG=1",
					"$(inherited)",
				);
				GCC_WARN_64_TO_32_BIT_CONVERSION = YES;
				GCC_WARN_ABOUT_RETURN_TYPE = YES_ERROR;
				GCC_WARN_UNDECLARED_SELECTOR = YES;
				GCC_WARN_UNINITIALIZED_AUTOS = YES_AGGRESSIVE;
				GCC_WARN_UNUSED_FUNCTION = YES;
				GCC_WARN_UNUSED_VARIABLE = YES;
				MTL_ENABLE_DEBUG_INFO = INCLUDE_SOURCE;
				MTL_FAST_MATH = YES;
				ONLY_ACTIVE_ARCH = YES;
				SWIFT_ACTIVE_COMPILATION_CONDITIONS = DEBUG;
				SWIFT_OPTIMIZATION_LEVEL = "-Onone";
			};
			name = Debug;
		};
		768DB73427F7495D007AC0A1 /* Release */ = {
			isa = XCBuildConfiguration;
			buildSettings = {
				ALWAYS_SEARCH_USER_PATHS = NO;
				CLANG_ANALYZER_NONNULL = YES;
				CLANG_ANALYZER_NUMBER_OBJECT_CONVERSION = YES_AGGRESSIVE;
				CLANG_CXX_LANGUAGE_STANDARD = "gnu++17";
				CLANG_ENABLE_MODULES = YES;
				CLANG_ENABLE_OBJC_ARC = YES;
				CLANG_ENABLE_OBJC_WEAK = YES;
				CLANG_WARN_BLOCK_CAPTURE_AUTORELEASING = YES;
				CLANG_WARN_BOOL_CONVERSION = YES;
				CLANG_WARN_COMMA = YES;
				CLANG_WARN_CONSTANT_CONVERSION = YES;
				CLANG_WARN_DEPRECATED_OBJC_IMPLEMENTATIONS = YES;
				CLANG_WARN_DIRECT_OBJC_ISA_USAGE = YES_ERROR;
				CLANG_WARN_DOCUMENTATION_COMMENTS = YES;
				CLANG_WARN_EMPTY_BODY = YES;
				CLANG_WARN_ENUM_CONVERSION = YES;
				CLANG_WARN_INFINITE_RECURSION = YES;
				CLANG_WARN_INT_CONVERSION = YES;
				CLANG_WARN_NON_LITERAL_NULL_CONVERSION = YES;
				CLANG_WARN_OBJC_IMPLICIT_RETAIN_SELF = YES;
				CLANG_WARN_OBJC_LITERAL_CONVERSION = YES;
				CLANG_WARN_OBJC_ROOT_CLASS = YES_ERROR;
				CLANG_WARN_QUOTED_INCLUDE_IN_FRAMEWORK_HEADER = YES;
				CLANG_WARN_RANGE_LOOP_ANALYSIS = YES;
				CLANG_WARN_STRICT_PROTOTYPES = YES;
				CLANG_WARN_SUSPICIOUS_MOVE = YES;
				CLANG_WARN_UNGUARDED_AVAILABILITY = YES_AGGRESSIVE;
				CLANG_WARN_UNREACHABLE_CODE = YES;
				CLANG_WARN__DUPLICATE_METHOD_MATCH = YES;
				COPY_PHASE_STRIP = NO;
				DEBUG_INFORMATION_FORMAT = "dwarf-with-dsym";
				ENABLE_NS_ASSERTIONS = NO;
				ENABLE_STRICT_OBJC_MSGSEND = YES;
				GCC_C_LANGUAGE_STANDARD = gnu11;
				GCC_NO_COMMON_BLOCKS = YES;
				GCC_WARN_64_TO_32_BIT_CONVERSION = YES;
				GCC_WARN_ABOUT_RETURN_TYPE = YES_ERROR;
				GCC_WARN_UNDECLARED_SELECTOR = YES;
				GCC_WARN_UNINITIALIZED_AUTOS = YES_AGGRESSIVE;
				GCC_WARN_UNUSED_FUNCTION = YES;
				GCC_WARN_UNUSED_VARIABLE = YES;
				MTL_ENABLE_DEBUG_INFO = NO;
				MTL_FAST_MATH = YES;
				SWIFT_COMPILATION_MODE = wholemodule;
				SWIFT_OPTIMIZATION_LEVEL = "-O";
			};
			name = Release;
		};
		768DB73627F7495D007AC0A1 /* Debug */ = {
			isa = XCBuildConfiguration;
			buildSettings = {
				ASSETCATALOG_COMPILER_APPICON_NAME = AppIcon;
				ASSETCATALOG_COMPILER_GLOBAL_ACCENT_COLOR_NAME = AccentColor;
				CODE_SIGN_STYLE = Automatic;
				CURRENT_PROJECT_VERSION = 1;
				DEVELOPMENT_TEAM = 7PG3B3SS94;
				ENABLE_PREVIEWS = YES;
				GENERATE_INFOPLIST_FILE = YES;
				INFOPLIST_KEY_UIApplicationSceneManifest_Generation = YES;
				INFOPLIST_KEY_UIApplicationSupportsIndirectInputEvents = YES;
				INFOPLIST_KEY_UILaunchScreen_Generation = YES;
				INFOPLIST_KEY_UISupportedInterfaceOrientations_iPad = "UIInterfaceOrientationPortrait UIInterfaceOrientationPortraitUpsideDown UIInterfaceOrientationLandscapeLeft UIInterfaceOrientationLandscapeRight";
				INFOPLIST_KEY_UISupportedInterfaceOrientations_iPhone = "UIInterfaceOrientationPortrait UIInterfaceOrientationLandscapeLeft UIInterfaceOrientationLandscapeRight";
				IPHONEOS_DEPLOYMENT_TARGET = 15.4;
				LD_RUNPATH_SEARCH_PATHS = (
					"$(inherited)",
					"@executable_path/Frameworks",
				);
				MARKETING_VERSION = 1.0;
				PRODUCT_BUNDLE_IDENTIFIER = "com.degisner.Power-Button";
				PRODUCT_NAME = "Power Button";
				SDKROOT = iphoneos;
				SWIFT_EMIT_LOC_STRINGS = YES;
				SWIFT_VERSION = 5.0;
				TARGETED_DEVICE_FAMILY = "1,2";
			};
			name = Debug;
		};
		768DB73727F7495D007AC0A1 /* Release */ = {
			isa = XCBuildConfiguration;
			buildSettings = {
				ASSETCATALOG_COMPILER_APPICON_NAME = AppIcon;
				ASSETCATALOG_COMPILER_GLOBAL_ACCENT_COLOR_NAME = AccentColor;
				CODE_SIGN_STYLE = Automatic;
				CURRENT_PROJECT_VERSION = 1;
				DEVELOPMENT_TEAM = 7PG3B3SS94;
				ENABLE_PREVIEWS = YES;
				GENERATE_INFOPLIST_FILE = YES;
				INFOPLIST_KEY_UIApplicationSceneManifest_Generation = YES;
				INFOPLIST_KEY_UIApplicationSupportsIndirectInputEvents = YES;
				INFOPLIST_KEY_UILaunchScreen_Generation = YES;
				INFOPLIST_KEY_UISupportedInterfaceOrientations_iPad = "UIInterfaceOrientationPortrait UIInterfaceOrientationPortraitUpsideDown UIInterfaceOrientationLandscapeLeft UIInterfaceOrientationLandscapeRight";
				INFOPLIST_KEY_UISupportedInterfaceOrientations_iPhone = "UIInterfaceOrientationPortrait UIInterfaceOrientationLandscapeLeft UIInterfaceOrientationLandscapeRight";
				IPHONEOS_DEPLOYMENT_TARGET = 15.4;
				LD_RUNPATH_SEARCH_PATHS = (
					"$(inherited)",
					"@executable_path/Frameworks",
				);
				MARKETING_VERSION = 1.0;
				PRODUCT_BUNDLE_IDENTIFIER = "com.degisner.Power-Button";
				PRODUCT_NAME = "Power Button";
				SDKROOT = iphoneos;
				SWIFT_EMIT_LOC_STRINGS = YES;
				SWIFT_VERSION = 5.0;
				TARGETED_DEVICE_FAMILY = "1,2";
				VALIDATE_PRODUCT = YES;
			};
			name = Release;
		};
		768DB73927F7495D007AC0A1 /* Debug */ = {
			isa = XCBuildConfiguration;
			buildSettings = {
				ASSETCATALOG_COMPILER_APPICON_NAME = AppIcon;
				ASSETCATALOG_COMPILER_GLOBAL_ACCENT_COLOR_NAME = AccentColor;
				CODE_SIGN_ENTITLEMENTS = macOS/macOS.entitlements;
				CODE_SIGN_STYLE = Automatic;
				COMBINE_HIDPI_IMAGES = YES;
				CURRENT_PROJECT_VERSION = 1;
				DEVELOPMENT_TEAM = 7PG3B3SS94;
				ENABLE_HARDENED_RUNTIME = YES;
				ENABLE_PREVIEWS = YES;
				GENERATE_INFOPLIST_FILE = YES;
				INFOPLIST_KEY_NSHumanReadableCopyright = "";
				LD_RUNPATH_SEARCH_PATHS = (
					"$(inherited)",
					"@executable_path/../Frameworks",
				);
				MACOSX_DEPLOYMENT_TARGET = 12.2;
				MARKETING_VERSION = 1.0;
				PRODUCT_BUNDLE_IDENTIFIER = "com.degisner.Power-Button";
				PRODUCT_NAME = "Power Button";
				SDKROOT = macosx;
				SWIFT_EMIT_LOC_STRINGS = YES;
				SWIFT_VERSION = 5.0;
			};
			name = Debug;
		};
		768DB73A27F7495D007AC0A1 /* Release */ = {
			isa = XCBuildConfiguration;
			buildSettings = {
				ASSETCATALOG_COMPILER_APPICON_NAME = AppIcon;
				ASSETCATALOG_COMPILER_GLOBAL_ACCENT_COLOR_NAME = AccentColor;
				CODE_SIGN_ENTITLEMENTS = macOS/macOS.entitlements;
				CODE_SIGN_STYLE = Automatic;
				COMBINE_HIDPI_IMAGES = YES;
				CURRENT_PROJECT_VERSION = 1;
				DEVELOPMENT_TEAM = 7PG3B3SS94;
				ENABLE_HARDENED_RUNTIME = YES;
				ENABLE_PREVIEWS = YES;
				GENERATE_INFOPLIST_FILE = YES;
				INFOPLIST_KEY_NSHumanReadableCopyright = "";
				LD_RUNPATH_SEARCH_PATHS = (
					"$(inherited)",
					"@executable_path/../Frameworks",
				);
				MACOSX_DEPLOYMENT_TARGET = 12.2;
				MARKETING_VERSION = 1.0;
				PRODUCT_BUNDLE_IDENTIFIER = "com.degisner.Power-Button";
				PRODUCT_NAME = "Power Button";
				SDKROOT = macosx;
				SWIFT_EMIT_LOC_STRINGS = YES;
				SWIFT_VERSION = 5.0;
			};
			name = Release;
		};
/* End XCBuildConfiguration section */

/* Begin XCConfigurationList section */
		768DB71B27F7495B007AC0A1 /* Build configuration list for PBXProject "Power Button" */ = {
			isa = XCConfigurationList;
			buildConfigurations = (
				768DB73327F7495D007AC0A1 /* Debug */,
				768DB73427F7495D007AC0A1 /* Release */,
			);
			defaultConfigurationIsVisible = 0;
			defaultConfigurationName = Release;
		};
		768DB73527F7495D007AC0A1 /* Build configuration list for PBXNativeTarget "Power Button (iOS)" */ = {
			isa = XCConfigurationList;
			buildConfigurations = (
				768DB73627F7495D007AC0A1 /* Debug */,
				768DB73727F7495D007AC0A1 /* Release */,
			);
			defaultConfigurationIsVisible = 0;
			defaultConfigurationName = Release;
		};
		768DB73827F7495D007AC0A1 /* Build configuration list for PBXNativeTarget "Power Button (macOS)" */ = {
			isa = XCConfigurationList;
			buildConfigurations = (
				768DB73927F7495D007AC0A1 /* Debug */,
				768DB73A27F7495D007AC0A1 /* Release */,
			);
			defaultConfigurationIsVisible = 0;
			defaultConfigurationName = Release;
		};
/* End XCConfigurationList section */
	};
	rootObject = 768DB71827F7495B007AC0A1 /* Project object */;
}
